
Microsoft Visual Studio Solution File, Format Version 12.00
Project("{FAE04EC0-301F-11D3-BF4B-00C04F79EFBC}") = "ChangelogGenerator", "src\ChangelogGenerator.csproj", "{8BDDC33E-DAE0-4F34-A36C-7DA61186AE78}"
EndProject
Project("{2150E333-8FDC-42A3-9474-1A3956D46DE8}") = "SolutionFiles", "SolutionFiles", "{2251894E-1FB1-4F2E-B5AA-CFC371B93C2C}"
	ProjectSection(SolutionItems) = preProject
		README.md = README.md
	EndProjectSection
EndProject
Global
	GlobalSection(SolutionConfigurationPlatforms) = preSolution
		Debug|Any CPU = Debug|Any CPU
		Release|Any CPU = Release|Any CPU
	EndGlobalSection
	GlobalSection(ProjectConfigurationPlatforms) = postSolution
		{8BDDC33E-DAE0-4F34-A36C-7DA61186AE78}.Debug|Any CPU.ActiveCfg = Debug|Any CPU
		{8BDDC33E-DAE0-4F34-A36C-7DA61186AE78}.Debug|Any CPU.Build.0 = Debug|Any CPU
		{8BDDC33E-DAE0-4F34-A36C-7DA61186AE78}.Release|Any CPU.ActiveCfg = Release|Any CPU
		{8BDDC33E-DAE0-4F34-A36C-7DA61186AE78}.Release|Any CPU.Build.0 = Release|Any CPU
	EndGlobalSection
EndGlobal
